// !$*UTF8*$!
{
	archiveVersion = 1;
	classes = {
	};
	objectVersion = 46;
	objects = {

/* Begin PBXBuildFile section */
		3B9DBB5C1D26877800B2B1FB /* Main.storyboard in Resources */ = {isa = PBXBuildFile; fileRef = 3B9DBB5A1D26877800B2B1FB /* Main.storyboard */; };
		3B9DBB5E1D26877800B2B1FB /* Assets.xcassets in Resources */ = {isa = PBXBuildFile; fileRef = 3B9DBB5D1D26877800B2B1FB /* Assets.xcassets */; };
		3B9DBB611D26877800B2B1FB /* LaunchScreen.storyboard in Resources */ = {isa = PBXBuildFile; fileRef = 3B9DBB5F1D26877800B2B1FB /* LaunchScreen.storyboard */; };
		3B9DBB6C1D26877800B2B1FB /* mySwiftWeiBoTests.swift in Sources */ = {isa = PBXBuildFile; fileRef = 3B9DBB6B1D26877800B2B1FB /* mySwiftWeiBoTests.swift */; };
		3B9DBB771D26877800B2B1FB /* mySwiftWeiBoUITests.swift in Sources */ = {isa = PBXBuildFile; fileRef = 3B9DBB761D26877800B2B1FB /* mySwiftWeiBoUITests.swift */; };
		3B9DBBA71D2687DF00B2B1FB /* LHAppDelegate.swift in Sources */ = {isa = PBXBuildFile; fileRef = 3B9DBB951D2687DF00B2B1FB /* LHAppDelegate.swift */; };
/* End PBXBuildFile section */

/* Begin PBXContainerItemProxy section */
		3B9DBB681D26877800B2B1FB /* PBXContainerItemProxy */ = {
			isa = PBXContainerItemProxy;
			containerPortal = 3B9DBB4B1D26877800B2B1FB /* Project object */;
			proxyType = 1;
			remoteGlobalIDString = 3B9DBB521D26877800B2B1FB;
			remoteInfo = mySwiftWeiBo;
		};
		3B9DBB731D26877800B2B1FB /* PBXContainerItemProxy */ = {
			isa = PBXContainerItemProxy;
			containerPortal = 3B9DBB4B1D26877800B2B1FB /* Project object */;
			proxyType = 1;
			remoteGlobalIDString = 3B9DBB521D26877800B2B1FB;
			remoteInfo = mySwiftWeiBo;
		};
/* End PBXContainerItemProxy section */

/* Begin PBXFileReference section */
		3B9DBB531D26877800B2B1FB /* mySwiftWeiBo.app */ = {isa = PBXFileReference; explicitFileType = wrapper.application; includeInIndex = 0; path = mySwiftWeiBo.app; sourceTree = BUILT_PRODUCTS_DIR; };
		3B9DBB5B1D26877800B2B1FB /* Base */ = {isa = PBXFileReference; lastKnownFileType = file.storyboard; name = Base; path = Base.lproj/Main.storyboard; sourceTree = "<group>"; };
		3B9DBB5D1D26877800B2B1FB /* Assets.xcassets */ = {isa = PBXFileReference; lastKnownFileType = folder.assetcatalog; path = Assets.xcassets; sourceTree = "<group>"; };
		3B9DBB601D26877800B2B1FB /* Base */ = {isa = PBXFileReference; lastKnownFileType = file.storyboard; name = Base; path = Base.lproj/LaunchScreen.storyboard; sourceTree = "<group>"; };
		3B9DBB621D26877800B2B1FB /* Info.plist */ = {isa = PBXFileReference; lastKnownFileType = text.plist.xml; path = Info.plist; sourceTree = "<group>"; };
		3B9DBB671D26877800B2B1FB /* mySwiftWeiBoTests.xctest */ = {isa = PBXFileReference; explicitFileType = wrapper.cfbundle; includeInIndex = 0; path = mySwiftWeiBoTests.xctest; sourceTree = BUILT_PRODUCTS_DIR; };
		3B9DBB6B1D26877800B2B1FB /* mySwiftWeiBoTests.swift */ = {isa = PBXFileReference; lastKnownFileType = sourcecode.swift; path = mySwiftWeiBoTests.swift; sourceTree = "<group>"; };
		3B9DBB6D1D26877800B2B1FB /* Info.plist */ = {isa = PBXFileReference; lastKnownFileType = text.plist.xml; path = Info.plist; sourceTree = "<group>"; };
		3B9DBB721D26877800B2B1FB /* mySwiftWeiBoUITests.xctest */ = {isa = PBXFileReference; explicitFileType = wrapper.cfbundle; includeInIndex = 0; path = mySwiftWeiBoUITests.xctest; sourceTree = BUILT_PRODUCTS_DIR; };
		3B9DBB761D26877800B2B1FB /* mySwiftWeiBoUITests.swift */ = {isa = PBXFileReference; lastKnownFileType = sourcecode.swift; path = mySwiftWeiBoUITests.swift; sourceTree = "<group>"; };
		3B9DBB781D26877800B2B1FB /* Info.plist */ = {isa = PBXFileReference; lastKnownFileType = text.plist.xml; path = Info.plist; sourceTree = "<group>"; };
		3B9DBB951D2687DF00B2B1FB /* LHAppDelegate.swift */ = {isa = PBXFileReference; fileEncoding = 4; lastKnownFileType = sourcecode.swift; path = LHAppDelegate.swift; sourceTree = "<group>"; };
/* End PBXFileReference section */

/* Begin PBXFrameworksBuildPhase section */
		3B9DBB501D26877800B2B1FB /* Frameworks */ = {
			isa = PBXFrameworksBuildPhase;
			buildActionMask = 2147483647;
			files = (
			);
			runOnlyForDeploymentPostprocessing = 0;
		};
		3B9DBB641D26877800B2B1FB /* Frameworks */ = {
			isa = PBXFrameworksBuildPhase;
			buildActionMask = 2147483647;
			files = (
			);
			runOnlyForDeploymentPostprocessing = 0;
		};
		3B9DBB6F1D26877800B2B1FB /* Frameworks */ = {
			isa = PBXFrameworksBuildPhase;
			buildActionMask = 2147483647;
			files = (
			);
			runOnlyForDeploymentPostprocessing = 0;
		};
/* End PBXFrameworksBuildPhase section */

/* Begin PBXGroup section */
		3B9DBB4A1D26877800B2B1FB = {
			isa = PBXGroup;
			children = (
				3B9DBB551D26877800B2B1FB /* mySwiftWeiBo */,
				3B9DBB6A1D26877800B2B1FB /* mySwiftWeiBoTests */,
				3B9DBB751D26877800B2B1FB /* mySwiftWeiBoUITests */,
				3B9DBB541D26877800B2B1FB /* Products */,
			);
			sourceTree = "<group>";
		};
		3B9DBB541D26877800B2B1FB /* Products */ = {
			isa = PBXGroup;
			children = (
				3B9DBB531D26877800B2B1FB /* mySwiftWeiBo.app */,
				3B9DBB671D26877800B2B1FB /* mySwiftWeiBoTests.xctest */,
				3B9DBB721D26877800B2B1FB /* mySwiftWeiBoUITests.xctest */,
			);
			name = Products;
			sourceTree = "<group>";
		};
		3B9DBB551D26877800B2B1FB /* mySwiftWeiBo */ = {
			isa = PBXGroup;
			children = (
				3B9DBB841D2687DF00B2B1FB /* Classes */,
				3B9DBB5A1D26877800B2B1FB /* Main.storyboard */,
				3B9DBB5D1D26877800B2B1FB /* Assets.xcassets */,
				3B9DBB5F1D26877800B2B1FB /* LaunchScreen.storyboard */,
				3B9DBB621D26877800B2B1FB /* Info.plist */,
			);
			path = mySwiftWeiBo;
			sourceTree = "<group>";
		};
		3B9DBB6A1D26877800B2B1FB /* mySwiftWeiBoTests */ = {
			isa = PBXGroup;
			children = (
				3B9DBB6B1D26877800B2B1FB /* mySwiftWeiBoTests.swift */,
				3B9DBB6D1D26877800B2B1FB /* Info.plist */,
			);
			path = mySwiftWeiBoTests;
			sourceTree = "<group>";
		};
		3B9DBB751D26877800B2B1FB /* mySwiftWeiBoUITests */ = {
			isa = PBXGroup;
			children = (
				3B9DBB761D26877800B2B1FB /* mySwiftWeiBoUITests.swift */,
				3B9DBB781D26877800B2B1FB /* Info.plist */,
			);
			path = mySwiftWeiBoUITests;
			sourceTree = "<group>";
		};
		3B9DBB841D2687DF00B2B1FB /* Classes */ = {
			isa = PBXGroup;
			children = (
				3B9DBB851D2687DF00B2B1FB /* Compose(发微博) */,
				3B9DBB891D2687DF00B2B1FB /* Discover(发现) */,
				3B9DBB8D1D2687DF00B2B1FB /* Home(首页) */,
				3B9DBB911D2687DF00B2B1FB /* Main(主要) */,
				3B9DBB971D2687DF00B2B1FB /* Message(消息) */,
				3B9DBB9B1D2687DF00B2B1FB /* NewFeature(新特性) */,
				3B9DBB9F1D2687DF00B2B1FB /* OAuth(授权) */,
				3B9DBBA31D2687DF00B2B1FB /* Profile(我) */,
			);
			path = Classes;
			sourceTree = "<group>";
		};
		3B9DBB851D2687DF00B2B1FB /* Compose(发微博) */ = {
			isa = PBXGroup;
			children = (
				3B9DBB861D2687DF00B2B1FB /* Controller */,
				3B9DBB871D2687DF00B2B1FB /* Model */,
				3B9DBB881D2687DF00B2B1FB /* View */,
			);
			path = "Compose(发微博)";
			sourceTree = "<group>";
		};
		3B9DBB861D2687DF00B2B1FB /* Controller */ = {
			isa = PBXGroup;
			children = (
			);
			path = Controller;
			sourceTree = "<group>";
		};
		3B9DBB871D2687DF00B2B1FB /* Model */ = {
			isa = PBXGroup;
			children = (
			);
			path = Model;
			sourceTree = "<group>";
		};
		3B9DBB881D2687DF00B2B1FB /* View */ = {
			isa = PBXGroup;
			children = (
			);
			path = View;
			sourceTree = "<group>";
		};
		3B9DBB891D2687DF00B2B1FB /* Discover(发现) */ = {
			isa = PBXGroup;
			children = (
				3B9DBB8A1D2687DF00B2B1FB /* Controller */,
				3B9DBB8B1D2687DF00B2B1FB /* Model */,
				3B9DBB8C1D2687DF00B2B1FB /* View */,
			);
			path = "Discover(发现)";
			sourceTree = "<group>";
		};
		3B9DBB8A1D2687DF00B2B1FB /* Controller */ = {
			isa = PBXGroup;
			children = (
			);
			path = Controller;
			sourceTree = "<group>";
		};
		3B9DBB8B1D2687DF00B2B1FB /* Model */ = {
			isa = PBXGroup;
			children = (
			);
			path = Model;
			sourceTree = "<group>";
		};
		3B9DBB8C1D2687DF00B2B1FB /* View */ = {
			isa = PBXGroup;
			children = (
			);
			path = View;
			sourceTree = "<group>";
		};
		3B9DBB8D1D2687DF00B2B1FB /* Home(首页) */ = {
			isa = PBXGroup;
			children = (
				3B9DBB8E1D2687DF00B2B1FB /* Controller */,
				3B9DBB8F1D2687DF00B2B1FB /* Model */,
				3B9DBB901D2687DF00B2B1FB /* View */,
			);
			path = "Home(首页)";
			sourceTree = "<group>";
		};
		3B9DBB8E1D2687DF00B2B1FB /* Controller */ = {
			isa = PBXGroup;
			children = (
			);
			path = Controller;
			sourceTree = "<group>";
		};
		3B9DBB8F1D2687DF00B2B1FB /* Model */ = {
			isa = PBXGroup;
			children = (
			);
			path = Model;
			sourceTree = "<group>";
		};
		3B9DBB901D2687DF00B2B1FB /* View */ = {
			isa = PBXGroup;
			children = (
			);
			path = View;
			sourceTree = "<group>";
		};
		3B9DBB911D2687DF00B2B1FB /* Main(主要) */ = {
			isa = PBXGroup;
			children = (
				3B9DBB921D2687DF00B2B1FB /* Controller */,
				3B9DBB931D2687DF00B2B1FB /* Model */,
				3B9DBB941D2687DF00B2B1FB /* Other */,
				3B9DBB961D2687DF00B2B1FB /* View */,
			);
			path = "Main(主要)";
			sourceTree = "<group>";
		};
		3B9DBB921D2687DF00B2B1FB /* Controller */ = {
			isa = PBXGroup;
			children = (
			);
			path = Controller;
			sourceTree = "<group>";
		};
		3B9DBB931D2687DF00B2B1FB /* Model */ = {
			isa = PBXGroup;
			children = (
			);
			path = Model;
			sourceTree = "<group>";
		};
		3B9DBB941D2687DF00B2B1FB /* Other */ = {
			isa = PBXGroup;
			children = (
				3B9DBB951D2687DF00B2B1FB /* LHAppDelegate.swift */,
			);
			path = Other;
			sourceTree = "<group>";
		};
		3B9DBB961D2687DF00B2B1FB /* View */ = {
			isa = PBXGroup;
			children = (
			);
			path = View;
			sourceTree = "<group>";
		};
		3B9DBB971D2687DF00B2B1FB /* Message(消息) */ = {
			isa = PBXGroup;
			children = (
				3B9DBB981D2687DF00B2B1FB /* Controller */,
				3B9DBB991D2687DF00B2B1FB /* Model */,
				3B9DBB9A1D2687DF00B2B1FB /* View */,
			);
			path = "Message(消息)";
			sourceTree = "<group>";
		};
		3B9DBB981D2687DF00B2B1FB /* Controller */ = {
			isa = PBXGroup;
			children = (
			);
			path = Controller;
			sourceTree = "<group>";
		};
		3B9DBB991D2687DF00B2B1FB /* Model */ = {
			isa = PBXGroup;
			children = (
			);
			path = Model;
			sourceTree = "<group>";
		};
		3B9DBB9A1D2687DF00B2B1FB /* View */ = {
			isa = PBXGroup;
			children = (
			);
			path = View;
			sourceTree = "<group>";
		};
		3B9DBB9B1D2687DF00B2B1FB /* NewFeature(新特性) */ = {
			isa = PBXGroup;
			children = (
				3B9DBB9C1D2687DF00B2B1FB /* Controller */,
				3B9DBB9D1D2687DF00B2B1FB /* Model */,
				3B9DBB9E1D2687DF00B2B1FB /* View */,
			);
			path = "NewFeature(新特性)";
			sourceTree = "<group>";
		};
		3B9DBB9C1D2687DF00B2B1FB /* Controller */ = {
			isa = PBXGroup;
			children = (
			);
			path = Controller;
			sourceTree = "<group>";
		};
		3B9DBB9D1D2687DF00B2B1FB /* Model */ = {
			isa = PBXGroup;
			children = (
			);
			path = Model;
			sourceTree = "<group>";
		};
		3B9DBB9E1D2687DF00B2B1FB /* View */ = {
			isa = PBXGroup;
			children = (
			);
			path = View;
			sourceTree = "<group>";
		};
		3B9DBB9F1D2687DF00B2B1FB /* OAuth(授权) */ = {
			isa = PBXGroup;
			children = (
				3B9DBBA01D2687DF00B2B1FB /* Controller */,
				3B9DBBA11D2687DF00B2B1FB /* Model */,
				3B9DBBA21D2687DF00B2B1FB /* View */,
			);
			path = "OAuth(授权)";
			sourceTree = "<group>";
		};
		3B9DBBA01D2687DF00B2B1FB /* Controller */ = {
			isa = PBXGroup;
			children = (
			);
			path = Controller;
			sourceTree = "<group>";
		};
		3B9DBBA11D2687DF00B2B1FB /* Model */ = {
			isa = PBXGroup;
			children = (
			);
			path = Model;
			sourceTree = "<group>";
		};
		3B9DBBA21D2687DF00B2B1FB /* View */ = {
			isa = PBXGroup;
			children = (
			);
			path = View;
			sourceTree = "<group>";
		};
		3B9DBBA31D2687DF00B2B1FB /* Profile(我) */ = {
			isa = PBXGroup;
			children = (
				3B9DBBA41D2687DF00B2B1FB /* Controller */,
				3B9DBBA51D2687DF00B2B1FB /* Model */,
				3B9DBBA61D2687DF00B2B1FB /* View */,
			);
			path = "Profile(我)";
			sourceTree = "<group>";
		};
		3B9DBBA41D2687DF00B2B1FB /* Controller */ = {
			isa = PBXGroup;
			children = (
			);
			path = Controller;
			sourceTree = "<group>";
		};
		3B9DBBA51D2687DF00B2B1FB /* Model */ = {
			isa = PBXGroup;
			children = (
			);
			path = Model;
			sourceTree = "<group>";
		};
		3B9DBBA61D2687DF00B2B1FB /* View */ = {
			isa = PBXGroup;
			children = (
			);
			path = View;
			sourceTree = "<group>";
		};
/* End PBXGroup section */

/* Begin PBXNativeTarget section */
		3B9DBB521D26877800B2B1FB /* mySwiftWeiBo */ = {
			isa = PBXNativeTarget;
			buildConfigurationList = 3B9DBB7B1D26877800B2B1FB /* Build configuration list for PBXNativeTarget "mySwiftWeiBo" */;
			buildPhases = (
				3B9DBB4F1D26877800B2B1FB /* Sources */,
				3B9DBB501D26877800B2B1FB /* Frameworks */,
				3B9DBB511D26877800B2B1FB /* Resources */,
			);
			buildRules = (
			);
			dependencies = (
			);
			name = mySwiftWeiBo;
			productName = mySwiftWeiBo;
			productReference = 3B9DBB531D26877800B2B1FB /* mySwiftWeiBo.app */;
			productType = "com.apple.product-type.application";
		};
		3B9DBB661D26877800B2B1FB /* mySwiftWeiBoTests */ = {
			isa = PBXNativeTarget;
			buildConfigurationList = 3B9DBB7E1D26877800B2B1FB /* Build configuration list for PBXNativeTarget "mySwiftWeiBoTests" */;
			buildPhases = (
				3B9DBB631D26877800B2B1FB /* Sources */,
				3B9DBB641D26877800B2B1FB /* Frameworks */,
				3B9DBB651D26877800B2B1FB /* Resources */,
			);
			buildRules = (
			);
			dependencies = (
				3B9DBB691D26877800B2B1FB /* PBXTargetDependency */,
			);
			name = mySwiftWeiBoTests;
			productName = mySwiftWeiBoTests;
			productReference = 3B9DBB671D26877800B2B1FB /* mySwiftWeiBoTests.xctest */;
			productType = "com.apple.product-type.bundle.unit-test";
		};
		3B9DBB711D26877800B2B1FB /* mySwiftWeiBoUITests */ = {
			isa = PBXNativeTarget;
			buildConfigurationList = 3B9DBB811D26877800B2B1FB /* Build configuration list for PBXNativeTarget "mySwiftWeiBoUITests" */;
			buildPhases = (
				3B9DBB6E1D26877800B2B1FB /* Sources */,
				3B9DBB6F1D26877800B2B1FB /* Frameworks */,
				3B9DBB701D26877800B2B1FB /* Resources */,
			);
			buildRules = (
			);
			dependencies = (
				3B9DBB741D26877800B2B1FB /* PBXTargetDependency */,
			);
			name = mySwiftWeiBoUITests;
			productName = mySwiftWeiBoUITests;
			productReference = 3B9DBB721D26877800B2B1FB /* mySwiftWeiBoUITests.xctest */;
			productType = "com.apple.product-type.bundle.ui-testing";
		};
/* End PBXNativeTarget section */

/* Begin PBXProject section */
		3B9DBB4B1D26877800B2B1FB /* Project object */ = {
			isa = PBXProject;
			attributes = {
				LastSwiftUpdateCheck = 0730;
				LastUpgradeCheck = 0730;
				ORGANIZATIONNAME = "Alfred Lam";
				TargetAttributes = {
					3B9DBB521D26877800B2B1FB = {
						CreatedOnToolsVersion = 7.3.1;
						DevelopmentTeam = YTCM9PCBH4;
					};
					3B9DBB661D26877800B2B1FB = {
						CreatedOnToolsVersion = 7.3.1;
						DevelopmentTeam = YTCM9PCBH4;
						TestTargetID = 3B9DBB521D26877800B2B1FB;
					};
					3B9DBB711D26877800B2B1FB = {
						CreatedOnToolsVersion = 7.3.1;
						DevelopmentTeam = YTCM9PCBH4;
						TestTargetID = 3B9DBB521D26877800B2B1FB;
					};
				};
			};
			buildConfigurationList = 3B9DBB4E1D26877800B2B1FB /* Build configuration list for PBXProject "mySwiftWeiBo" */;
			compatibilityVersion = "Xcode 3.2";
			developmentRegion = English;
			hasScannedForEncodings = 0;
			knownRegions = (
				en,
				Base,
			);
			mainGroup = 3B9DBB4A1D26877800B2B1FB;
			productRefGroup = 3B9DBB541D26877800B2B1FB /* Products */;
			projectDirPath = "";
			projectRoot = "";
			targets = (
				3B9DBB521D26877800B2B1FB /* mySwiftWeiBo */,
				3B9DBB661D26877800B2B1FB /* mySwiftWeiBoTests */,
				3B9DBB711D26877800B2B1FB /* mySwiftWeiBoUITests */,
			);
		};
/* End PBXProject section */

/* Begin PBXResourcesBuildPhase section */
		3B9DBB511D26877800B2B1FB /* Resources */ = {
			isa = PBXResourcesBuildPhase;
			buildActionMask = 2147483647;
			files = (
				3B9DBB611D26877800B2B1FB /* LaunchScreen.storyboard in Resources */,
				3B9DBB5E1D26877800B2B1FB /* Assets.xcassets in Resources */,
				3B9DBB5C1D26877800B2B1FB /* Main.storyboard in Resources */,
			);
			runOnlyForDeploymentPostprocessing = 0;
		};
		3B9DBB651D26877800B2B1FB /* Resources */ = {
			isa = PBXResourcesBuildPhase;
			buildActionMask = 2147483647;
			files = (
			);
			runOnlyForDeploymentPostprocessing = 0;
		};
		3B9DBB701D26877800B2B1FB /* Resources */ = {
			isa = PBXResourcesBuildPhase;
			buildActionMask = 2147483647;
			files = (
			);
			runOnlyForDeploymentPostprocessing = 0;
		};
/* End PBXResourcesBuildPhase section */

/* Begin PBXSourcesBuildPhase section */
		3B9DBB4F1D26877800B2B1FB /* Sources */ = {
			isa = PBXSourcesBuildPhase;
			buildActionMask = 2147483647;
			files = (
				3B9DBBA71D2687DF00B2B1FB /* LHAppDelegate.swift in Sources */,
			);
			runOnlyForDeploymentPostprocessing = 0;
		};
		3B9DBB631D26877800B2B1FB /* Sources */ = {
			isa = PBXSourcesBuildPhase;
			buildActionMask = 2147483647;
			files = (
				3B9DBB6C1D26877800B2B1FB /* mySwiftWeiBoTests.swift in Sources */,
			);
			runOnlyForDeploymentPostprocessing = 0;
		};
		3B9DBB6E1D26877800B2B1FB /* Sources */ = {
			isa = PBXSourcesBuildPhase;
			buildActionMask = 2147483647;
			files = (
				3B9DBB771D26877800B2B1FB /* mySwiftWeiBoUITests.swift in Sources */,
			);
			runOnlyForDeploymentPostprocessing = 0;
		};
/* End PBXSourcesBuildPhase section */

/* Begin PBXTargetDependency section */
		3B9DBB691D26877800B2B1FB /* PBXTargetDependency */ = {
			isa = PBXTargetDependency;
			target = 3B9DBB521D26877800B2B1FB /* mySwiftWeiBo */;
			targetProxy = 3B9DBB681D26877800B2B1FB /* PBXContainerItemProxy */;
		};
		3B9DBB741D26877800B2B1FB /* PBXTargetDependency */ = {
			isa = PBXTargetDependency;
			target = 3B9DBB521D26877800B2B1FB /* mySwiftWeiBo */;
			targetProxy = 3B9DBB731D26877800B2B1FB /* PBXContainerItemProxy */;
		};
/* End PBXTargetDependency section */

/* Begin PBXVariantGroup section */
		3B9DBB5A1D26877800B2B1FB /* Main.storyboard */ = {
			isa = PBXVariantGroup;
			children = (
				3B9DBB5B1D26877800B2B1FB /* Base */,
			);
			name = Main.storyboard;
			sourceTree = "<group>";
		};
		3B9DBB5F1D26877800B2B1FB /* LaunchScreen.storyboard */ = {
			isa = PBXVariantGroup;
			children = (
				3B9DBB601D26877800B2B1FB /* Base */,
			);
			name = LaunchScreen.storyboard;
			sourceTree = "<group>";
		};
/* End PBXVariantGroup section */

/* Begin XCBuildConfiguration section */
		3B9DBB791D26877800B2B1FB /* Debug */ = {
			isa = XCBuildConfiguration;
			buildSettings = {
				ALWAYS_SEARCH_USER_PATHS = NO;
				CLANG_ANALYZER_NONNULL = YES;
				CLANG_CXX_LANGUAGE_STANDARD = "gnu++0x";
				CLANG_CXX_LIBRARY = "libc++";
				CLANG_ENABLE_MODULES = YES;
				CLANG_ENABLE_OBJC_ARC = YES;
				CLANG_WARN_BOOL_CONVERSION = YES;
				CLANG_WARN_CONSTANT_CONVERSION = YES;
				CLANG_WARN_DIRECT_OBJC_ISA_USAGE = YES_ERROR;
				CLANG_WARN_EMPTY_BODY = YES;
				CLANG_WARN_ENUM_CONVERSION = YES;
				CLANG_WARN_INT_CONVERSION = YES;
				CLANG_WARN_OBJC_ROOT_CLASS = YES_ERROR;
				CLANG_WARN_UNREACHABLE_CODE = YES;
				CLANG_WARN__DUPLICATE_METHOD_MATCH = YES;
				"CODE_SIGN_IDENTITY[sdk=iphoneos*]" = "iPhone Developer";
				COPY_PHASE_STRIP = NO;
				DEBUG_INFORMATION_FORMAT = dwarf;
				ENABLE_STRICT_OBJC_MSGSEND = YES;
				ENABLE_TESTABILITY = YES;
				GCC_C_LANGUAGE_STANDARD = gnu99;
				GCC_DYNAMIC_NO_PIC = NO;
				GCC_NO_COMMON_BLOCKS = YES;
				GCC_OPTIMIZATION_LEVEL = 0;
				GCC_PREPROCESSOR_DEFINITIONS = (
					"DEBUG=1",
					"$(inherited)",
				);
				GCC_WARN_64_TO_32_BIT_CONVERSION = YES;
				GCC_WARN_ABOUT_RETURN_TYPE = YES_ERROR;
				GCC_WARN_UNDECLARED_SELECTOR = YES;
				GCC_WARN_UNINITIALIZED_AUTOS = YES_AGGRESSIVE;
				GCC_WARN_UNUSED_FUNCTION = YES;
				GCC_WARN_UNUSED_VARIABLE = YES;
				IPHONEOS_DEPLOYMENT_TARGET = 9.3;
				MTL_ENABLE_DEBUG_INFO = YES;
				ONLY_ACTIVE_ARCH = YES;
				SDKROOT = iphoneos;
				SWIFT_OPTIMIZATION_LEVEL = "-Onone";
			};
			name = Debug;
		};
		3B9DBB7A1D26877800B2B1FB /* Release */ = {
			isa = XCBuildConfiguration;
			buildSettings = {
				ALWAYS_SEARCH_USER_PATHS = NO;
				CLANG_ANALYZER_NONNULL = YES;
				CLANG_CXX_LANGUAGE_STANDARD = "gnu++0x";
				CLANG_CXX_LIBRARY = "libc++";
				CLANG_ENABLE_MODULES = YES;
				CLANG_ENABLE_OBJC_ARC = YES;
				CLANG_WARN_BOOL_CONVERSION = YES;
				CLANG_WARN_CONSTANT_CONVERSION = YES;
				CLANG_WARN_DIRECT_OBJC_ISA_USAGE = YES_ERROR;
				CLANG_WARN_EMPTY_BODY = YES;
				CLANG_WARN_ENUM_CONVERSION = YES;
				CLANG_WARN_INT_CONVERSION = YES;
				CLANG_WARN_OBJC_ROOT_CLASS = YES_ERROR;
				CLANG_WARN_UNREACHABLE_CODE = YES;
				CLANG_WARN__DUPLICATE_METHOD_MATCH = YES;
				"CODE_SIGN_IDENTITY[sdk=iphoneos*]" = "iPhone Developer";
				COPY_PHASE_STRIP = NO;
				DEBUG_INFORMATION_FORMAT = "dwarf-with-dsym";
				ENABLE_NS_ASSERTIONS = NO;
				ENABLE_STRICT_OBJC_MSGSEND = YES;
				GCC_C_LANGUAGE_STANDARD = gnu99;
				GCC_NO_COMMON_BLOCKS = YES;
				GCC_WARN_64_TO_32_BIT_CONVERSION = YES;
				GCC_WARN_ABOUT_RETURN_TYPE = YES_ERROR;
				GCC_WARN_UNDECLARED_SELECTOR = YES;
				GCC_WARN_UNINITIALIZED_AUTOS = YES_AGGRESSIVE;
				GCC_WARN_UNUSED_FUNCTION = YES;
				GCC_WARN_UNUSED_VARIABLE = YES;
				IPHONEOS_DEPLOYMENT_TARGET = 9.3;
				MTL_ENABLE_DEBUG_INFO = NO;
				SDKROOT = iphoneos;
				VALIDATE_PRODUCT = YES;
			};
			name = Release;
		};
		3B9DBB7C1D26877800B2B1FB /* Debug */ = {
			isa = XCBuildConfiguration;
			buildSettings = {
				ASSETCATALOG_COMPILER_APPICON_NAME = AppIcon;
				INFOPLIST_FILE = mySwiftWeiBo/Info.plist;
				LD_RUNPATH_SEARCH_PATHS = "$(inherited) @executable_path/Frameworks";
				PRODUCT_BUNDLE_IDENTIFIER = Lam.mySwiftWeiBo;
				PRODUCT_NAME = "$(TARGET_NAME)";
			};
			name = Debug;
		};
		3B9DBB7D1D26877800B2B1FB /* Release */ = {
			isa = XCBuildConfiguration;
			buildSettings = {
				ASSETCATALOG_COMPILER_APPICON_NAME = AppIcon;
				INFOPLIST_FILE = mySwiftWeiBo/Info.plist;
				LD_RUNPATH_SEARCH_PATHS = "$(inherited) @executable_path/Frameworks";
				PRODUCT_BUNDLE_IDENTIFIER = Lam.mySwiftWeiBo;
				PRODUCT_NAME = "$(TARGET_NAME)";
			};
			name = Release;
		};
		3B9DBB7F1D26877800B2B1FB /* Debug */ = {
			isa = XCBuildConfiguration;
			buildSettings = {
				BUNDLE_LOADER = "$(TEST_HOST)";
				INFOPLIST_FILE = mySwiftWeiBoTests/Info.plist;
				LD_RUNPATH_SEARCH_PATHS = "$(inherited) @executable_path/Frameworks @loader_path/Frameworks";
				PRODUCT_BUNDLE_IDENTIFIER = Lam.mySwiftWeiBoTests;
				PRODUCT_NAME = "$(TARGET_NAME)";
				TEST_HOST = "$(BUILT_PRODUCTS_DIR)/mySwiftWeiBo.app/mySwiftWeiBo";
			};
			name = Debug;
		};
		3B9DBB801D26877800B2B1FB /* Release */ = {
			isa = XCBuildConfiguration;
			buildSettings = {
				BUNDLE_LOADER = "$(TEST_HOST)";
				INFOPLIST_FILE = mySwiftWeiBoTests/Info.plist;
				LD_RUNPATH_SEARCH_PATHS = "$(inherited) @executable_path/Frameworks @loader_path/Frameworks";
				PRODUCT_BUNDLE_IDENTIFIER = Lam.mySwiftWeiBoTests;
				PRODUCT_NAME = "$(TARGET_NAME)";
				TEST_HOST = "$(BUILT_PRODUCTS_DIR)/mySwiftWeiBo.app/mySwiftWeiBo";
			};
			name = Release;
		};
		3B9DBB821D26877800B2B1FB /* Debug */ = {
			isa = XCBuildConfiguration;
			buildSettings = {
				INFOPLIST_FILE = mySwiftWeiBoUITests/Info.plist;
				LD_RUNPATH_SEARCH_PATHS = "$(inherited) @executable_path/Frameworks @loader_path/Frameworks";
				PRODUCT_BUNDLE_IDENTIFIER = Lam.mySwiftWeiBoUITests;
				PRODUCT_NAME = "$(TARGET_NAME)";
				TEST_TARGET_NAME = mySwiftWeiBo;
			};
			name = Debug;
		};
		3B9DBB831D26877800B2B1FB /* Release */ = {
			isa = XCBuildConfiguration;
			buildSettings = {
				INFOPLIST_FILE = mySwiftWeiBoUITests/Info.plist;
				LD_RUNPATH_SEARCH_PATHS = "$(inherited) @executable_path/Frameworks @loader_path/Frameworks";
				PRODUCT_BUNDLE_IDENTIFIER = Lam.mySwiftWeiBoUITests;
				PRODUCT_NAME = "$(TARGET_NAME)";
				TEST_TARGET_NAME = mySwiftWeiBo;
			};
			name = Release;
		};
/* End XCBuildConfiguration section */

/* Begin XCConfigurationList section */
		3B9DBB4E1D26877800B2B1FB /* Build configuration list for PBXProject "mySwiftWeiBo" */ = {
			isa = XCConfigurationList;
			buildConfigurations = (
				3B9DBB791D26877800B2B1FB /* Debug */,
				3B9DBB7A1D26877800B2B1FB /* Release */,
			);
			defaultConfigurationIsVisible = 0;
			defaultConfigurationName = Release;
		};
		3B9DBB7B1D26877800B2B1FB /* Build configuration list for PBXNativeTarget "mySwiftWeiBo" */ = {
			isa = XCConfigurationList;
			buildConfigurations = (
				3B9DBB7C1D26877800B2B1FB /* Debug */,
				3B9DBB7D1D26877800B2B1FB /* Release */,
			);
			defaultConfigurationIsVisible = 0;
		};
		3B9DBB7E1D26877800B2B1FB /* Build configuration list for PBXNativeTarget "mySwiftWeiBoTests" */ = {
			isa = XCConfigurationList;
			buildConfigurations = (
				3B9DBB7F1D26877800B2B1FB /* Debug */,
				3B9DBB801D26877800B2B1FB /* Release */,
			);
			defaultConfigurationIsVisible = 0;
		};
		3B9DBB811D26877800B2B1FB /* Build configuration list for PBXNativeTarget "mySwiftWeiBoUITests" */ = {
			isa = XCConfigurationList;
			buildConfigurations = (
				3B9DBB821D26877800B2B1FB /* Debug */,
				3B9DBB831D26877800B2B1FB /* Release */,
			);
			defaultConfigurationIsVisible = 0;
		};
/* End XCConfigurationList section */
	};
	rootObject = 3B9DBB4B1D26877800B2B1FB /* Project object */;
}
